// !$*UTF8*$!
{
	archiveVersion = 1;
	classes = {
	};
	objectVersion = 56;
	objects = {

/* Begin PBXBuildFile section */
		92CFD6082C30762400BEF80D /* Flickr_SearchApp.swift in Sources */ = {isa = PBXBuildFile; fileRef = 92CFD6072C30762400BEF80D /* Flickr_SearchApp.swift */; };
		92CFD60A2C30762400BEF80D /* FlickrSearchList.swift in Sources */ = {isa = PBXBuildFile; fileRef = 92CFD6092C30762400BEF80D /* FlickrSearchList.swift */; };
		92CFD60C2C30762500BEF80D /* Assets.xcassets in Resources */ = {isa = PBXBuildFile; fileRef = 92CFD60B2C30762500BEF80D /* Assets.xcassets */; };
		92CFD60F2C30762500BEF80D /* Preview Assets.xcassets in Resources */ = {isa = PBXBuildFile; fileRef = 92CFD60E2C30762500BEF80D /* Preview Assets.xcassets */; };
		92CFD6192C30762500BEF80D /* Flickr_SearchTests.swift in Sources */ = {isa = PBXBuildFile; fileRef = 92CFD6182C30762500BEF80D /* Flickr_SearchTests.swift */; };
		92CFD6232C30762500BEF80D /* Flickr_SearchUITests.swift in Sources */ = {isa = PBXBuildFile; fileRef = 92CFD6222C30762500BEF80D /* Flickr_SearchUITests.swift */; };
		92CFD6252C30762500BEF80D /* Flickr_SearchUITestsLaunchTests.swift in Sources */ = {isa = PBXBuildFile; fileRef = 92CFD6242C30762500BEF80D /* Flickr_SearchUITestsLaunchTests.swift */; };
		92CFD6322C307FD200BEF80D /* FlickrClient.swift in Sources */ = {isa = PBXBuildFile; fileRef = 92CFD6312C307FD200BEF80D /* FlickrClient.swift */; };
		92CFD6352C3082D000BEF80D /* FlickrImage.swift in Sources */ = {isa = PBXBuildFile; fileRef = 92CFD6342C3082D000BEF80D /* FlickrImage.swift */; };
		92CFD6372C30874300BEF80D /* FlickrImageListViewModel.swift in Sources */ = {isa = PBXBuildFile; fileRef = 92CFD6362C30874300BEF80D /* FlickrImageListViewModel.swift */; };
		92CFD6392C308ECE00BEF80D /* FlickrImageService.swift in Sources */ = {isa = PBXBuildFile; fileRef = 92CFD6382C308ECE00BEF80D /* FlickrImageService.swift */; };
		92CFD63B2C3095DC00BEF80D /* DebouncingSearchTextManager.swift in Sources */ = {isa = PBXBuildFile; fileRef = 92CFD63A2C3095DC00BEF80D /* DebouncingSearchTextManager.swift */; };
		92CFD63D2C309E7A00BEF80D /* FlickrImageDetail.swift in Sources */ = {isa = PBXBuildFile; fileRef = 92CFD63C2C309E7A00BEF80D /* FlickrImageDetail.swift */; };
		92CFD63F2C309F0B00BEF80D /* FlickrImageRow.swift in Sources */ = {isa = PBXBuildFile; fileRef = 92CFD63E2C309F0B00BEF80D /* FlickrImageRow.swift */; };
		92CFD6442C30A3A600BEF80D /* TagsView.swift in Sources */ = {isa = PBXBuildFile; fileRef = 92CFD6432C30A3A600BEF80D /* TagsView.swift */; };
		92CFD6482C30A42B00BEF80D /* TagViewModel.swift in Sources */ = {isa = PBXBuildFile; fileRef = 92CFD6472C30A42B00BEF80D /* TagViewModel.swift */; };
		92CFD64A2C30A47900BEF80D /* Tag.swift in Sources */ = {isa = PBXBuildFile; fileRef = 92CFD6492C30A47900BEF80D /* Tag.swift */; };
		92CFD64D2C30AB5900BEF80D /* String+Date.swift in Sources */ = {isa = PBXBuildFile; fileRef = 92CFD64C2C30AB5900BEF80D /* String+Date.swift */; };
/* End PBXBuildFile section */

/* Begin PBXContainerItemProxy section */
		92CFD6152C30762500BEF80D /* PBXContainerItemProxy */ = {
			isa = PBXContainerItemProxy;
			containerPortal = 92CFD5FC2C30762400BEF80D /* Project object */;
			proxyType = 1;
			remoteGlobalIDString = 92CFD6032C30762400BEF80D;
			remoteInfo = "Flickr Search";
		};
		92CFD61F2C30762500BEF80D /* PBXContainerItemProxy */ = {
			isa = PBXContainerItemProxy;
			containerPortal = 92CFD5FC2C30762400BEF80D /* Project object */;
			proxyType = 1;
			remoteGlobalIDString = 92CFD6032C30762400BEF80D;
			remoteInfo = "Flickr Search";
		};
/* End PBXContainerItemProxy section */

/* Begin PBXFileReference section */
		92CFD6042C30762400BEF80D /* Flickr Search.app */ = {isa = PBXFileReference; explicitFileType = wrapper.application; includeInIndex = 0; path = "Flickr Search.app"; sourceTree = BUILT_PRODUCTS_DIR; };
		92CFD6072C30762400BEF80D /* Flickr_SearchApp.swift */ = {isa = PBXFileReference; lastKnownFileType = sourcecode.swift; path = Flickr_SearchApp.swift; sourceTree = "<group>"; };
		92CFD6092C30762400BEF80D /* FlickrSearchList.swift */ = {isa = PBXFileReference; lastKnownFileType = sourcecode.swift; path = FlickrSearchList.swift; sourceTree = "<group>"; };
		92CFD60B2C30762500BEF80D /* Assets.xcassets */ = {isa = PBXFileReference; lastKnownFileType = folder.assetcatalog; path = Assets.xcassets; sourceTree = "<group>"; };
		92CFD60E2C30762500BEF80D /* Preview Assets.xcassets */ = {isa = PBXFileReference; lastKnownFileType = folder.assetcatalog; path = "Preview Assets.xcassets"; sourceTree = "<group>"; };
		92CFD6142C30762500BEF80D /* Flickr SearchTests.xctest */ = {isa = PBXFileReference; explicitFileType = wrapper.cfbundle; includeInIndex = 0; path = "Flickr SearchTests.xctest"; sourceTree = BUILT_PRODUCTS_DIR; };
		92CFD6182C30762500BEF80D /* Flickr_SearchTests.swift */ = {isa = PBXFileReference; lastKnownFileType = sourcecode.swift; path = Flickr_SearchTests.swift; sourceTree = "<group>"; };
		92CFD61E2C30762500BEF80D /* Flickr SearchUITests.xctest */ = {isa = PBXFileReference; explicitFileType = wrapper.cfbundle; includeInIndex = 0; path = "Flickr SearchUITests.xctest"; sourceTree = BUILT_PRODUCTS_DIR; };
		92CFD6222C30762500BEF80D /* Flickr_SearchUITests.swift */ = {isa = PBXFileReference; lastKnownFileType = sourcecode.swift; path = Flickr_SearchUITests.swift; sourceTree = "<group>"; };
		92CFD6242C30762500BEF80D /* Flickr_SearchUITestsLaunchTests.swift */ = {isa = PBXFileReference; lastKnownFileType = sourcecode.swift; path = Flickr_SearchUITestsLaunchTests.swift; sourceTree = "<group>"; };
		92CFD6312C307FD200BEF80D /* FlickrClient.swift */ = {isa = PBXFileReference; lastKnownFileType = sourcecode.swift; path = FlickrClient.swift; sourceTree = "<group>"; };
		92CFD6342C3082D000BEF80D /* FlickrImage.swift */ = {isa = PBXFileReference; lastKnownFileType = sourcecode.swift; path = FlickrImage.swift; sourceTree = "<group>"; };
		92CFD6362C30874300BEF80D /* FlickrImageListViewModel.swift */ = {isa = PBXFileReference; lastKnownFileType = sourcecode.swift; path = FlickrImageListViewModel.swift; sourceTree = "<group>"; };
		92CFD6382C308ECE00BEF80D /* FlickrImageService.swift */ = {isa = PBXFileReference; lastKnownFileType = sourcecode.swift; path = FlickrImageService.swift; sourceTree = "<group>"; };
		92CFD63A2C3095DC00BEF80D /* DebouncingSearchTextManager.swift */ = {isa = PBXFileReference; lastKnownFileType = sourcecode.swift; path = DebouncingSearchTextManager.swift; sourceTree = "<group>"; };
		92CFD63C2C309E7A00BEF80D /* FlickrImageDetail.swift */ = {isa = PBXFileReference; lastKnownFileType = sourcecode.swift; path = FlickrImageDetail.swift; sourceTree = "<group>"; };
		92CFD63E2C309F0B00BEF80D /* FlickrImageRow.swift */ = {isa = PBXFileReference; lastKnownFileType = sourcecode.swift; path = FlickrImageRow.swift; sourceTree = "<group>"; };
		92CFD6432C30A3A600BEF80D /* TagsView.swift */ = {isa = PBXFileReference; lastKnownFileType = sourcecode.swift; path = TagsView.swift; sourceTree = "<group>"; };
		92CFD6472C30A42B00BEF80D /* TagViewModel.swift */ = {isa = PBXFileReference; lastKnownFileType = sourcecode.swift; path = TagViewModel.swift; sourceTree = "<group>"; };
		92CFD6492C30A47900BEF80D /* Tag.swift */ = {isa = PBXFileReference; lastKnownFileType = sourcecode.swift; path = Tag.swift; sourceTree = "<group>"; };
		92CFD64C2C30AB5900BEF80D /* String+Date.swift */ = {isa = PBXFileReference; lastKnownFileType = sourcecode.swift; path = "String+Date.swift"; sourceTree = "<group>"; };
/* End PBXFileReference section */

/* Begin PBXFrameworksBuildPhase section */
		92CFD6012C30762400BEF80D /* Frameworks */ = {
			isa = PBXFrameworksBuildPhase;
			buildActionMask = 2147483647;
			files = (
			);
			runOnlyForDeploymentPostprocessing = 0;
		};
		92CFD6112C30762500BEF80D /* Frameworks */ = {
			isa = PBXFrameworksBuildPhase;
			buildActionMask = 2147483647;
			files = (
			);
			runOnlyForDeploymentPostprocessing = 0;
		};
		92CFD61B2C30762500BEF80D /* Frameworks */ = {
			isa = PBXFrameworksBuildPhase;
			buildActionMask = 2147483647;
			files = (
			);
			runOnlyForDeploymentPostprocessing = 0;
		};
/* End PBXFrameworksBuildPhase section */

/* Begin PBXGroup section */
		92CFD5FB2C30762400BEF80D = {
			isa = PBXGroup;
			children = (
				92CFD6062C30762400BEF80D /* Flickr Search */,
				92CFD6172C30762500BEF80D /* Flickr SearchTests */,
				92CFD6212C30762500BEF80D /* Flickr SearchUITests */,
				92CFD6052C30762400BEF80D /* Products */,
			);
			sourceTree = "<group>";
		};
		92CFD6052C30762400BEF80D /* Products */ = {
			isa = PBXGroup;
			children = (
				92CFD6042C30762400BEF80D /* Flickr Search.app */,
				92CFD6142C30762500BEF80D /* Flickr SearchTests.xctest */,
				92CFD61E2C30762500BEF80D /* Flickr SearchUITests.xctest */,
			);
			name = Products;
			sourceTree = "<group>";
		};
		92CFD6062C30762400BEF80D /* Flickr Search */ = {
			isa = PBXGroup;
			children = (
				92CFD6072C30762400BEF80D /* Flickr_SearchApp.swift */,
				92CFD6402C30A0B700BEF80D /* Views */,
				92CFD6452C30A40D00BEF80D /* Model */,
				92CFD6462C30A41A00BEF80D /* ViewModel */,
				92CFD63A2C3095DC00BEF80D /* DebouncingSearchTextManager.swift */,
				92CFD64B2C30AB4B00BEF80D /* Extensions */,
				92CFD6332C30802200BEF80D /* API */,
				92CFD60B2C30762500BEF80D /* Assets.xcassets */,
				92CFD60D2C30762500BEF80D /* Preview Content */,
			);
			path = "Flickr Search";
			sourceTree = "<group>";
		};
		92CFD60D2C30762500BEF80D /* Preview Content */ = {
			isa = PBXGroup;
			children = (
				92CFD60E2C30762500BEF80D /* Preview Assets.xcassets */,
			);
			path = "Preview Content";
			sourceTree = "<group>";
		};
		92CFD6172C30762500BEF80D /* Flickr SearchTests */ = {
			isa = PBXGroup;
			children = (
				92CFD6182C30762500BEF80D /* Flickr_SearchTests.swift */,
			);
			path = "Flickr SearchTests";
			sourceTree = "<group>";
		};
		92CFD6212C30762500BEF80D /* Flickr SearchUITests */ = {
			isa = PBXGroup;
			children = (
				92CFD6222C30762500BEF80D /* Flickr_SearchUITests.swift */,
				92CFD6242C30762500BEF80D /* Flickr_SearchUITestsLaunchTests.swift */,
			);
			path = "Flickr SearchUITests";
			sourceTree = "<group>";
		};
		92CFD6332C30802200BEF80D /* API */ = {
			isa = PBXGroup;
			children = (
				92CFD6312C307FD200BEF80D /* FlickrClient.swift */,
				92CFD6382C308ECE00BEF80D /* FlickrImageService.swift */,
			);
			path = API;
			sourceTree = "<group>";
		};
		92CFD6402C30A0B700BEF80D /* Views */ = {
			isa = PBXGroup;
			children = (
				92CFD6092C30762400BEF80D /* FlickrSearchList.swift */,
				92CFD63E2C309F0B00BEF80D /* FlickrImageRow.swift */,
				92CFD63C2C309E7A00BEF80D /* FlickrImageDetail.swift */,
				92CFD6432C30A3A600BEF80D /* TagsView.swift */,
			);
			path = Views;
			sourceTree = "<group>";
		};
		92CFD6452C30A40D00BEF80D /* Model */ = {
			isa = PBXGroup;
			children = (
				92CFD6342C3082D000BEF80D /* FlickrImage.swift */,
				92CFD6492C30A47900BEF80D /* Tag.swift */,
			);
			path = Model;
			sourceTree = "<group>";
		};
		92CFD6462C30A41A00BEF80D /* ViewModel */ = {
			isa = PBXGroup;
			children = (
				92CFD6362C30874300BEF80D /* FlickrImageListViewModel.swift */,
				92CFD6472C30A42B00BEF80D /* TagViewModel.swift */,
			);
			path = ViewModel;
			sourceTree = "<group>";
		};
		92CFD64B2C30AB4B00BEF80D /* Extensions */ = {
			isa = PBXGroup;
			children = (
				92CFD64C2C30AB5900BEF80D /* String+Date.swift */,
			);
			path = Extensions;
			sourceTree = "<group>";
		};
/* End PBXGroup section */

/* Begin PBXNativeTarget section */
		92CFD6032C30762400BEF80D /* Flickr Search */ = {
			isa = PBXNativeTarget;
			buildConfigurationList = 92CFD6282C30762500BEF80D /* Build configuration list for PBXNativeTarget "Flickr Search" */;
			buildPhases = (
				92CFD6002C30762400BEF80D /* Sources */,
				92CFD6012C30762400BEF80D /* Frameworks */,
				92CFD6022C30762400BEF80D /* Resources */,
			);
			buildRules = (
			);
			dependencies = (
			);
			name = "Flickr Search";
			productName = "Flickr Search";
			productReference = 92CFD6042C30762400BEF80D /* Flickr Search.app */;
			productType = "com.apple.product-type.application";
		};
		92CFD6132C30762500BEF80D /* Flickr SearchTests */ = {
			isa = PBXNativeTarget;
			buildConfigurationList = 92CFD62B2C30762500BEF80D /* Build configuration list for PBXNativeTarget "Flickr SearchTests" */;
			buildPhases = (
				92CFD6102C30762500BEF80D /* Sources */,
				92CFD6112C30762500BEF80D /* Frameworks */,
				92CFD6122C30762500BEF80D /* Resources */,
			);
			buildRules = (
			);
			dependencies = (
				92CFD6162C30762500BEF80D /* PBXTargetDependency */,
			);
			name = "Flickr SearchTests";
			productName = "Flickr SearchTests";
			productReference = 92CFD6142C30762500BEF80D /* Flickr SearchTests.xctest */;
			productType = "com.apple.product-type.bundle.unit-test";
		};
		92CFD61D2C30762500BEF80D /* Flickr SearchUITests */ = {
			isa = PBXNativeTarget;
			buildConfigurationList = 92CFD62E2C30762500BEF80D /* Build configuration list for PBXNativeTarget "Flickr SearchUITests" */;
			buildPhases = (
				92CFD61A2C30762500BEF80D /* Sources */,
				92CFD61B2C30762500BEF80D /* Frameworks */,
				92CFD61C2C30762500BEF80D /* Resources */,
			);
			buildRules = (
			);
			dependencies = (
				92CFD6202C30762500BEF80D /* PBXTargetDependency */,
			);
			name = "Flickr SearchUITests";
			productName = "Flickr SearchUITests";
			productReference = 92CFD61E2C30762500BEF80D /* Flickr SearchUITests.xctest */;
			productType = "com.apple.product-type.bundle.ui-testing";
		};
/* End PBXNativeTarget section */

/* Begin PBXProject section */
		92CFD5FC2C30762400BEF80D /* Project object */ = {
			isa = PBXProject;
			attributes = {
				BuildIndependentTargetsInParallel = 1;
				LastSwiftUpdateCheck = 1540;
				LastUpgradeCheck = 1540;
				TargetAttributes = {
					92CFD6032C30762400BEF80D = {
						CreatedOnToolsVersion = 15.4;
					};
					92CFD6132C30762500BEF80D = {
						CreatedOnToolsVersion = 15.4;
						TestTargetID = 92CFD6032C30762400BEF80D;
					};
					92CFD61D2C30762500BEF80D = {
						CreatedOnToolsVersion = 15.4;
						TestTargetID = 92CFD6032C30762400BEF80D;
					};
				};
			};
			buildConfigurationList = 92CFD5FF2C30762400BEF80D /* Build configuration list for PBXProject "Flickr Search" */;
			compatibilityVersion = "Xcode 14.0";
			developmentRegion = en;
			hasScannedForEncodings = 0;
			knownRegions = (
				en,
				Base,
			);
			mainGroup = 92CFD5FB2C30762400BEF80D;
			productRefGroup = 92CFD6052C30762400BEF80D /* Products */;
			projectDirPath = "";
			projectRoot = "";
			targets = (
				92CFD6032C30762400BEF80D /* Flickr Search */,
				92CFD6132C30762500BEF80D /* Flickr SearchTests */,
				92CFD61D2C30762500BEF80D /* Flickr SearchUITests */,
			);
		};
/* End PBXProject section */

/* Begin PBXResourcesBuildPhase section */
		92CFD6022C30762400BEF80D /* Resources */ = {
			isa = PBXResourcesBuildPhase;
			buildActionMask = 2147483647;
			files = (
				92CFD60F2C30762500BEF80D /* Preview Assets.xcassets in Resources */,
				92CFD60C2C30762500BEF80D /* Assets.xcassets in Resources */,
			);
			runOnlyForDeploymentPostprocessing = 0;
		};
		92CFD6122C30762500BEF80D /* Resources */ = {
			isa = PBXResourcesBuildPhase;
			buildActionMask = 2147483647;
			files = (
			);
			runOnlyForDeploymentPostprocessing = 0;
		};
		92CFD61C2C30762500BEF80D /* Resources */ = {
			isa = PBXResourcesBuildPhase;
			buildActionMask = 2147483647;
			files = (
			);
			runOnlyForDeploymentPostprocessing = 0;
		};
/* End PBXResourcesBuildPhase section */

/* Begin PBXSourcesBuildPhase section */
		92CFD6002C30762400BEF80D /* Sources */ = {
			isa = PBXSourcesBuildPhase;
			buildActionMask = 2147483647;
			files = (
				92CFD64A2C30A47900BEF80D /* Tag.swift in Sources */,
				92CFD63F2C309F0B00BEF80D /* FlickrImageRow.swift in Sources */,
				92CFD64D2C30AB5900BEF80D /* String+Date.swift in Sources */,
				92CFD6442C30A3A600BEF80D /* TagsView.swift in Sources */,
				92CFD6372C30874300BEF80D /* FlickrImageListViewModel.swift in Sources */,
				92CFD60A2C30762400BEF80D /* FlickrSearchList.swift in Sources */,
				92CFD6082C30762400BEF80D /* Flickr_SearchApp.swift in Sources */,
				92CFD63D2C309E7A00BEF80D /* FlickrImageDetail.swift in Sources */,
				92CFD6352C3082D000BEF80D /* FlickrImage.swift in Sources */,
				92CFD6482C30A42B00BEF80D /* TagViewModel.swift in Sources */,
				92CFD6392C308ECE00BEF80D /* FlickrImageService.swift in Sources */,
				92CFD6322C307FD200BEF80D /* FlickrClient.swift in Sources */,
				92CFD63B2C3095DC00BEF80D /* DebouncingSearchTextManager.swift in Sources */,
			);
			runOnlyForDeploymentPostprocessing = 0;
		};
		92CFD6102C30762500BEF80D /* Sources */ = {
			isa = PBXSourcesBuildPhase;
			buildActionMask = 2147483647;
			files = (
				92CFD6192C30762500BEF80D /* Flickr_SearchTests.swift in Sources */,
			);
			runOnlyForDeploymentPostprocessing = 0;
		};
		92CFD61A2C30762500BEF80D /* Sources */ = {
			isa = PBXSourcesBuildPhase;
			buildActionMask = 2147483647;
			files = (
				92CFD6232C30762500BEF80D /* Flickr_SearchUITests.swift in Sources */,
				92CFD6252C30762500BEF80D /* Flickr_SearchUITestsLaunchTests.swift in Sources */,
			);
			runOnlyForDeploymentPostprocessing = 0;
		};
/* End PBXSourcesBuildPhase section */

/* Begin PBXTargetDependency section */
		92CFD6162C30762500BEF80D /* PBXTargetDependency */ = {
			isa = PBXTargetDependency;
			target = 92CFD6032C30762400BEF80D /* Flickr Search */;
			targetProxy = 92CFD6152C30762500BEF80D /* PBXContainerItemProxy */;
		};
		92CFD6202C30762500BEF80D /* PBXTargetDependency */ = {
			isa = PBXTargetDependency;
			target = 92CFD6032C30762400BEF80D /* Flickr Search */;
			targetProxy = 92CFD61F2C30762500BEF80D /* PBXContainerItemProxy */;
		};
/* End PBXTargetDependency section */

/* Begin XCBuildConfiguration section */
		92CFD6262C30762500BEF80D /* Debug */ = {
			isa = XCBuildConfiguration;
			buildSettings = {
				ALWAYS_SEARCH_USER_PATHS = NO;
				ASSETCATALOG_COMPILER_GENERATE_SWIFT_ASSET_SYMBOL_EXTENSIONS = YES;
				CLANG_ANALYZER_NONNULL = YES;
				CLANG_ANALYZER_NUMBER_OBJECT_CONVERSION = YES_AGGRESSIVE;
				CLANG_CXX_LANGUAGE_STANDARD = "gnu++20";
				CLANG_ENABLE_MODULES = YES;
				CLANG_ENABLE_OBJC_ARC = YES;
				CLANG_ENABLE_OBJC_WEAK = YES;
				CLANG_WARN_BLOCK_CAPTURE_AUTORELEASING = YES;
				CLANG_WARN_BOOL_CONVERSION = YES;
				CLANG_WARN_COMMA = YES;
				CLANG_WARN_CONSTANT_CONVERSION = YES;
				CLANG_WARN_DEPRECATED_OBJC_IMPLEMENTATIONS = YES;
				CLANG_WARN_DIRECT_OBJC_ISA_USAGE = YES_ERROR;
				CLANG_WARN_DOCUMENTATION_COMMENTS = YES;
				CLANG_WARN_EMPTY_BODY = YES;
				CLANG_WARN_ENUM_CONVERSION = YES;
				CLANG_WARN_INFINITE_RECURSION = YES;
				CLANG_WARN_INT_CONVERSION = YES;
				CLANG_WARN_NON_LITERAL_NULL_CONVERSION = YES;
				CLANG_WARN_OBJC_IMPLICIT_RETAIN_SELF = YES;
				CLANG_WARN_OBJC_LITERAL_CONVERSION = YES;
				CLANG_WARN_OBJC_ROOT_CLASS = YES_ERROR;
				CLANG_WARN_QUOTED_INCLUDE_IN_FRAMEWORK_HEADER = YES;
				CLANG_WARN_RANGE_LOOP_ANALYSIS = YES;
				CLANG_WARN_STRICT_PROTOTYPES = YES;
				CLANG_WARN_SUSPICIOUS_MOVE = YES;
				CLANG_WARN_UNGUARDED_AVAILABILITY = YES_AGGRESSIVE;
				CLANG_WARN_UNREACHABLE_CODE = YES;
				CLANG_WARN__DUPLICATE_METHOD_MATCH = YES;
				COPY_PHASE_STRIP = NO;
				DEBUG_INFORMATION_FORMAT = dwarf;
				ENABLE_STRICT_OBJC_MSGSEND = YES;
				ENABLE_TESTABILITY = YES;
				ENABLE_USER_SCRIPT_SANDBOXING = YES;
				GCC_C_LANGUAGE_STANDARD = gnu17;
				GCC_DYNAMIC_NO_PIC = NO;
				GCC_NO_COMMON_BLOCKS = YES;
				GCC_OPTIMIZATION_LEVEL = 0;
				GCC_PREPROCESSOR_DEFINITIONS = (
					"DEBUG=1",
					"$(inherited)",
				);
				GCC_WARN_64_TO_32_BIT_CONVERSION = YES;
				GCC_WARN_ABOUT_RETURN_TYPE = YES_ERROR;
				GCC_WARN_UNDECLARED_SELECTOR = YES;
				GCC_WARN_UNINITIALIZED_AUTOS = YES_AGGRESSIVE;
				GCC_WARN_UNUSED_FUNCTION = YES;
				GCC_WARN_UNUSED_VARIABLE = YES;
				IPHONEOS_DEPLOYMENT_TARGET = 17.5;
				LOCALIZATION_PREFERS_STRING_CATALOGS = YES;
				MTL_ENABLE_DEBUG_INFO = INCLUDE_SOURCE;
				MTL_FAST_MATH = YES;
				ONLY_ACTIVE_ARCH = YES;
				SDKROOT = iphoneos;
				SWIFT_ACTIVE_COMPILATION_CONDITIONS = "DEBUG $(inherited)";
				SWIFT_OPTIMIZATION_LEVEL = "-Onone";
			};
			name = Debug;
		};
		92CFD6272C30762500BEF80D /* Release */ = {
			isa = XCBuildConfiguration;
			buildSettings = {
				ALWAYS_SEARCH_USER_PATHS = NO;
				ASSETCATALOG_COMPILER_GENERATE_SWIFT_ASSET_SYMBOL_EXTENSIONS = YES;
				CLANG_ANALYZER_NONNULL = YES;
				CLANG_ANALYZER_NUMBER_OBJECT_CONVERSION = YES_AGGRESSIVE;
				CLANG_CXX_LANGUAGE_STANDARD = "gnu++20";
				CLANG_ENABLE_MODULES = YES;
				CLANG_ENABLE_OBJC_ARC = YES;
				CLANG_ENABLE_OBJC_WEAK = YES;
				CLANG_WARN_BLOCK_CAPTURE_AUTORELEASING = YES;
				CLANG_WARN_BOOL_CONVERSION = YES;
				CLANG_WARN_COMMA = YES;
				CLANG_WARN_CONSTANT_CONVERSION = YES;
				CLANG_WARN_DEPRECATED_OBJC_IMPLEMENTATIONS = YES;
				CLANG_WARN_DIRECT_OBJC_ISA_USAGE = YES_ERROR;
				CLANG_WARN_DOCUMENTATION_COMMENTS = YES;
				CLANG_WARN_EMPTY_BODY = YES;
				CLANG_WARN_ENUM_CONVERSION = YES;
				CLANG_WARN_INFINITE_RECURSION = YES;
				CLANG_WARN_INT_CONVERSION = YES;
				CLANG_WARN_NON_LITERAL_NULL_CONVERSION = YES;
				CLANG_WARN_OBJC_IMPLICIT_RETAIN_SELF = YES;
				CLANG_WARN_OBJC_LITERAL_CONVERSION = YES;
				CLANG_WARN_OBJC_ROOT_CLASS = YES_ERROR;
				CLANG_WARN_QUOTED_INCLUDE_IN_FRAMEWORK_HEADER = YES;
				CLANG_WARN_RANGE_LOOP_ANALYSIS = YES;
				CLANG_WARN_STRICT_PROTOTYPES = YES;
				CLANG_WARN_SUSPICIOUS_MOVE = YES;
				CLANG_WARN_UNGUARDED_AVAILABILITY = YES_AGGRESSIVE;
				CLANG_WARN_UNREACHABLE_CODE = YES;
				CLANG_WARN__DUPLICATE_METHOD_MATCH = YES;
				COPY_PHASE_STRIP = NO;
				DEBUG_INFORMATION_FORMAT = "dwarf-with-dsym";
				ENABLE_NS_ASSERTIONS = NO;
				ENABLE_STRICT_OBJC_MSGSEND = YES;
				ENABLE_USER_SCRIPT_SANDBOXING = YES;
				GCC_C_LANGUAGE_STANDARD = gnu17;
				GCC_NO_COMMON_BLOCKS = YES;
				GCC_WARN_64_TO_32_BIT_CONVERSION = YES;
				GCC_WARN_ABOUT_RETURN_TYPE = YES_ERROR;
				GCC_WARN_UNDECLARED_SELECTOR = YES;
				GCC_WARN_UNINITIALIZED_AUTOS = YES_AGGRESSIVE;
				GCC_WARN_UNUSED_FUNCTION = YES;
				GCC_WARN_UNUSED_VARIABLE = YES;
				IPHONEOS_DEPLOYMENT_TARGET = 17.5;
				LOCALIZATION_PREFERS_STRING_CATALOGS = YES;
				MTL_ENABLE_DEBUG_INFO = NO;
				MTL_FAST_MATH = YES;
				SDKROOT = iphoneos;
				SWIFT_COMPILATION_MODE = wholemodule;
				VALIDATE_PRODUCT = YES;
			};
			name = Release;
		};
		92CFD6292C30762500BEF80D /* Debug */ = {
			isa = XCBuildConfiguration;
			buildSettings = {
				ASSETCATALOG_COMPILER_APPICON_NAME = AppIcon;
				ASSETCATALOG_COMPILER_GLOBAL_ACCENT_COLOR_NAME = AccentColor;
				CODE_SIGN_STYLE = Automatic;
				CURRENT_PROJECT_VERSION = 1;
				DEVELOPMENT_ASSET_PATHS = "\"Flickr Search/Preview Content\"";
				DEVELOPMENT_TEAM = 8X2GTS5Q3F;
				ENABLE_PREVIEWS = YES;
				GENERATE_INFOPLIST_FILE = YES;
				INFOPLIST_KEY_UIApplicationSceneManifest_Generation = YES;
				INFOPLIST_KEY_UIApplicationSupportsIndirectInputEvents = YES;
				INFOPLIST_KEY_UILaunchScreen_Generation = YES;
				INFOPLIST_KEY_UISupportedInterfaceOrientations_iPad = "UIInterfaceOrientationPortrait UIInterfaceOrientationPortraitUpsideDown UIInterfaceOrientationLandscapeLeft UIInterfaceOrientationLandscapeRight";
				INFOPLIST_KEY_UISupportedInterfaceOrientations_iPhone = "UIInterfaceOrientationPortrait UIInterfaceOrientationLandscapeLeft UIInterfaceOrientationLandscapeRight";
				LD_RUNPATH_SEARCH_PATHS = (
					"$(inherited)",
					"@executable_path/Frameworks",
				);
				MARKETING_VERSION = 1.0;
				PRODUCT_BUNDLE_IDENTIFIER = "com.level.Flickr-Search";
				PRODUCT_NAME = "$(TARGET_NAME)";
				SWIFT_EMIT_LOC_STRINGS = YES;
				SWIFT_VERSION = 5.0;
				TARGETED_DEVICE_FAMILY = "1,2";
			};
			name = Debug;
		};
		92CFD62A2C30762500BEF80D /* Release */ = {
			isa = XCBuildConfiguration;
			buildSettings = {
				ASSETCATALOG_COMPILER_APPICON_NAME = AppIcon;
				ASSETCATALOG_COMPILER_GLOBAL_ACCENT_COLOR_NAME = AccentColor;
				CODE_SIGN_STYLE = Automatic;
				CURRENT_PROJECT_VERSION = 1;
				DEVELOPMENT_ASSET_PATHS = "\"Flickr Search/Preview Content\"";
				DEVELOPMENT_TEAM = 8X2GTS5Q3F;
				ENABLE_PREVIEWS = YES;
				GENERATE_INFOPLIST_FILE = YES;
				INFOPLIST_KEY_UIApplicationSceneManifest_Generation = YES;
				INFOPLIST_KEY_UIApplicationSupportsIndirectInputEvents = YES;
				INFOPLIST_KEY_UILaunchScreen_Generation = YES;
				INFOPLIST_KEY_UISupportedInterfaceOrientations_iPad = "UIInterfaceOrientationPortrait UIInterfaceOrientationPortraitUpsideDown UIInterfaceOrientationLandscapeLeft UIInterfaceOrientationLandscapeRight";
				INFOPLIST_KEY_UISupportedInterfaceOrientations_iPhone = "UIInterfaceOrientationPortrait UIInterfaceOrientationLandscapeLeft UIInterfaceOrientationLandscapeRight";
				LD_RUNPATH_SEARCH_PATHS = (
					"$(inherited)",
					"@executable_path/Frameworks",
				);
				MARKETING_VERSION = 1.0;
				PRODUCT_BUNDLE_IDENTIFIER = "com.level.Flickr-Search";
				PRODUCT_NAME = "$(TARGET_NAME)";
				SWIFT_EMIT_LOC_STRINGS = YES;
				SWIFT_VERSION = 5.0;
				TARGETED_DEVICE_FAMILY = "1,2";
			};
			name = Release;
		};
		92CFD62C2C30762500BEF80D /* Debug */ = {
			isa = XCBuildConfiguration;
			buildSettings = {
				ALWAYS_EMBED_SWIFT_STANDARD_LIBRARIES = YES;
				BUNDLE_LOADER = "$(TEST_HOST)";
				CODE_SIGN_STYLE = Automatic;
				CURRENT_PROJECT_VERSION = 1;
				DEVELOPMENT_TEAM = 8X2GTS5Q3F;
				GENERATE_INFOPLIST_FILE = YES;
				IPHONEOS_DEPLOYMENT_TARGET = 17.5;
				MARKETING_VERSION = 1.0;
				PRODUCT_BUNDLE_IDENTIFIER = "com.level.Flickr-SearchTests";
				PRODUCT_NAME = "$(TARGET_NAME)";
				SWIFT_EMIT_LOC_STRINGS = NO;
				SWIFT_VERSION = 5.0;
				TARGETED_DEVICE_FAMILY = "1,2";
				TEST_HOST = "$(BUILT_PRODUCTS_DIR)/Flickr Search.app/$(BUNDLE_EXECUTABLE_FOLDER_PATH)/Flickr Search";
			};
			name = Debug;
		};
		92CFD62D2C30762500BEF80D /* Release */ = {
			isa = XCBuildConfiguration;
			buildSettings = {
				ALWAYS_EMBED_SWIFT_STANDARD_LIBRARIES = YES;
				BUNDLE_LOADER = "$(TEST_HOST)";
				CODE_SIGN_STYLE = Automatic;
				CURRENT_PROJECT_VERSION = 1;
				DEVELOPMENT_TEAM = 8X2GTS5Q3F;
				GENERATE_INFOPLIST_FILE = YES;
				IPHONEOS_DEPLOYMENT_TARGET = 17.5;
				MARKETING_VERSION = 1.0;
				PRODUCT_BUNDLE_IDENTIFIER = "com.level.Flickr-SearchTests";
				PRODUCT_NAME = "$(TARGET_NAME)";
				SWIFT_EMIT_LOC_STRINGS = NO;
				SWIFT_VERSION = 5.0;
				TARGETED_DEVICE_FAMILY = "1,2";
				TEST_HOST = "$(BUILT_PRODUCTS_DIR)/Flickr Search.app/$(BUNDLE_EXECUTABLE_FOLDER_PATH)/Flickr Search";
			};
			name = Release;
		};
		92CFD62F2C30762500BEF80D /* Debug */ = {
			isa = XCBuildConfiguration;
			buildSettings = {
				ALWAYS_EMBED_SWIFT_STANDARD_LIBRARIES = YES;
				CODE_SIGN_STYLE = Automatic;
				CURRENT_PROJECT_VERSION = 1;
				DEVELOPMENT_TEAM = 8X2GTS5Q3F;
				GENERATE_INFOPLIST_FILE = YES;
				MARKETING_VERSION = 1.0;
				PRODUCT_BUNDLE_IDENTIFIER = "com.level.Flickr-SearchUITests";
				PRODUCT_NAME = "$(TARGET_NAME)";
				SWIFT_EMIT_LOC_STRINGS = NO;
				SWIFT_VERSION = 5.0;
				TARGETED_DEVICE_FAMILY = "1,2";
				TEST_TARGET_NAME = "Flickr Search";
			};
			name = Debug;
		};
		92CFD6302C30762500BEF80D /* Release */ = {
			isa = XCBuildConfiguration;
			buildSettings = {
				ALWAYS_EMBED_SWIFT_STANDARD_LIBRARIES = YES;
				CODE_SIGN_STYLE = Automatic;
				CURRENT_PROJECT_VERSION = 1;
				DEVELOPMENT_TEAM = 8X2GTS5Q3F;
				GENERATE_INFOPLIST_FILE = YES;
				MARKETING_VERSION = 1.0;
				PRODUCT_BUNDLE_IDENTIFIER = "com.level.Flickr-SearchUITests";
				PRODUCT_NAME = "$(TARGET_NAME)";
				SWIFT_EMIT_LOC_STRINGS = NO;
				SWIFT_VERSION = 5.0;
				TARGETED_DEVICE_FAMILY = "1,2";
				TEST_TARGET_NAME = "Flickr Search";
			};
			name = Release;
		};
/* End XCBuildConfiguration section */

/* Begin XCConfigurationList section */
		92CFD5FF2C30762400BEF80D /* Build configuration list for PBXProject "Flickr Search" */ = {
			isa = XCConfigurationList;
			buildConfigurations = (
				92CFD6262C30762500BEF80D /* Debug */,
				92CFD6272C30762500BEF80D /* Release */,
			);
			defaultConfigurationIsVisible = 0;
			defaultConfigurationName = Release;
		};
		92CFD6282C30762500BEF80D /* Build configuration list for PBXNativeTarget "Flickr Search" */ = {
			isa = XCConfigurationList;
			buildConfigurations = (
				92CFD6292C30762500BEF80D /* Debug */,
				92CFD62A2C30762500BEF80D /* Release */,
			);
			defaultConfigurationIsVisible = 0;
			defaultConfigurationName = Release;
		};
		92CFD62B2C30762500BEF80D /* Build configuration list for PBXNativeTarget "Flickr SearchTests" */ = {
			isa = XCConfigurationList;
			buildConfigurations = (
				92CFD62C2C30762500BEF80D /* Debug */,
				92CFD62D2C30762500BEF80D /* Release */,
			);
			defaultConfigurationIsVisible = 0;
			defaultConfigurationName = Release;
		};
		92CFD62E2C30762500BEF80D /* Build configuration list for PBXNativeTarget "Flickr SearchUITests" */ = {
			isa = XCConfigurationList;
			buildConfigurations = (
				92CFD62F2C30762500BEF80D /* Debug */,
				92CFD6302C30762500BEF80D /* Release */,
			);
			defaultConfigurationIsVisible = 0;
			defaultConfigurationName = Release;
		};
/* End XCConfigurationList section */
	};
	rootObject = 92CFD5FC2C30762400BEF80D /* Project object */;
}
